
Microsoft Visual Studio Solution File, Format Version 12.00
# Visual Studio 15
VisualStudioVersion = 15.0.27428.2037
MinimumVisualStudioVersion = 10.0.40219.1
Project("{FAE04EC0-301F-11D3-BF4B-00C04F79EFBC}") = "Cosmos", "Cosmos\Cosmos.csproj", "{450F8815-71BE-457F-97D6-25CD4F265E5C}"
EndProject
Project("{FAE04EC0-301F-11D3-BF4B-00C04F79EFBC}") = "Cosmos.Domain", "Cosmos.Domain\Cosmos.Domain.csproj", "{549F9266-DFBA-489D-B583-23D6A653AA58}"
EndProject
Global
	GlobalSection(SolutionConfigurationPlatforms) = preSolution
		Debug|Any CPU = Debug|Any CPU
		Release|Any CPU = Release|Any CPU
	EndGlobalSection
	GlobalSection(ProjectConfigurationPlatforms) = postSolution
		{450F8815-71BE-457F-97D6-25CD4F265E5C}.Debug|Any CPU.ActiveCfg = Debug|Any CPU
		{450F8815-71BE-457F-97D6-25CD4F265E5C}.Debug|Any CPU.Build.0 = Debug|Any CPU
		{450F8815-71BE-457F-97D6-25CD4F265E5C}.Release|Any CPU.ActiveCfg = Release|Any CPU
		{450F8815-71BE-457F-97D6-25CD4F265E5C}.Release|Any CPU.Build.0 = Release|Any CPU
		{549F9266-DFBA-489D-B583-23D6A653AA58}.Debug|Any CPU.ActiveCfg = Debug|Any CPU
		{549F9266-DFBA-489D-B583-23D6A653AA58}.Debug|Any CPU.Build.0 = Debug|Any CPU
		{549F9266-DFBA-489D-B583-23D6A653AA58}.Release|Any CPU.ActiveCfg = Release|Any CPU
		{549F9266-DFBA-489D-B583-23D6A653AA58}.Release|Any CPU.Build.0 = Release|Any CPU
	EndGlobalSection
	GlobalSection(SolutionProperties) = preSolution
		HideSolutionNode = FALSE
	EndGlobalSection
	GlobalSection(ExtensibilityGlobals) = postSolution
		SolutionGuid = {75392574-8714-485D-9D75-28202FA2C7D4}
	EndGlobalSection
EndGlobal
